
Microsoft Visual Studio Solution File, Format Version 12.00
# Visual Studio 15
Project("{FAE04EC0-301F-11D3-BF4B-00C04F79EFBC}") = "BrewingWorld.Android", "BrewingWorld.Android\BrewingWorld.Android.csproj", "{C6DCD0B4-85CA-4132-A8AD-20DF5010AB92}"
EndProject
Project("{FAE04EC0-301F-11D3-BF4B-00C04F79EFBC}") = "BrewingWorld.iOS", "BrewingWorld.iOS\BrewingWorld.iOS.csproj", "{C395024D-876C-4ADF-8645-B34FD90DCF30}"
EndProject
Project("{FAE04EC0-301F-11D3-BF4B-00C04F79EFBC}") = "BrewingWorld", "BrewingWorld\BrewingWorld.csproj", "{AE3B5751-FF71-4276-8E8E-3E31194EFE21}"
EndProject
Global
	GlobalSection(SolutionConfigurationPlatforms) = preSolution
		Debug|Any CPU = Debug|Any CPU
		Release|Any CPU = Release|Any CPU
		Debug|iPhoneSimulator = Debug|iPhoneSimulator
		Release|iPhoneSimulator = Release|iPhoneSimulator
		Debug|iPhone = Debug|iPhone
		Release|iPhone = Release|iPhone
	EndGlobalSection
	GlobalSection(ProjectConfigurationPlatforms) = postSolution
		{C6DCD0B4-85CA-4132-A8AD-20DF5010AB92}.Debug|Any CPU.ActiveCfg = Debug|Any CPU
		{C6DCD0B4-85CA-4132-A8AD-20DF5010AB92}.Debug|Any CPU.Build.0 = Debug|Any CPU
		{C6DCD0B4-85CA-4132-A8AD-20DF5010AB92}.Release|Any CPU.ActiveCfg = Release|Any CPU
		{C6DCD0B4-85CA-4132-A8AD-20DF5010AB92}.Release|Any CPU.Build.0 = Release|Any CPU
		{C6DCD0B4-85CA-4132-A8AD-20DF5010AB92}.Debug|iPhoneSimulator.ActiveCfg = Debug|Any CPU
		{C6DCD0B4-85CA-4132-A8AD-20DF5010AB92}.Debug|iPhoneSimulator.Build.0 = Debug|Any CPU
		{C6DCD0B4-85CA-4132-A8AD-20DF5010AB92}.Release|iPhoneSimulator.ActiveCfg = Release|Any CPU
		{C6DCD0B4-85CA-4132-A8AD-20DF5010AB92}.Release|iPhoneSimulator.Build.0 = Release|Any CPU
		{C6DCD0B4-85CA-4132-A8AD-20DF5010AB92}.Debug|iPhone.ActiveCfg = Debug|Any CPU
		{C6DCD0B4-85CA-4132-A8AD-20DF5010AB92}.Debug|iPhone.Build.0 = Debug|Any CPU
		{C6DCD0B4-85CA-4132-A8AD-20DF5010AB92}.Release|iPhone.ActiveCfg = Release|Any CPU
		{C6DCD0B4-85CA-4132-A8AD-20DF5010AB92}.Release|iPhone.Build.0 = Release|Any CPU
		{C395024D-876C-4ADF-8645-B34FD90DCF30}.Debug|Any CPU.ActiveCfg = Debug|iPhoneSimulator
		{C395024D-876C-4ADF-8645-B34FD90DCF30}.Debug|Any CPU.Build.0 = Debug|iPhoneSimulator
		{C395024D-876C-4ADF-8645-B34FD90DCF30}.Release|Any CPU.ActiveCfg = Release|iPhoneSimulator
		{C395024D-876C-4ADF-8645-B34FD90DCF30}.Release|Any CPU.Build.0 = Release|iPhoneSimulator
		{C395024D-876C-4ADF-8645-B34FD90DCF30}.Debug|iPhoneSimulator.ActiveCfg = Debug|iPhoneSimulator
		{C395024D-876C-4ADF-8645-B34FD90DCF30}.Debug|iPhoneSimulator.Build.0 = Debug|iPhoneSimulator
		{C395024D-876C-4ADF-8645-B34FD90DCF30}.Release|iPhoneSimulator.ActiveCfg = Release|iPhoneSimulator
		{C395024D-876C-4ADF-8645-B34FD90DCF30}.Release|iPhoneSimulator.Build.0 = Release|iPhoneSimulator
		{C395024D-876C-4ADF-8645-B34FD90DCF30}.Debug|iPhone.ActiveCfg = Debug|iPhone
		{C395024D-876C-4ADF-8645-B34FD90DCF30}.Debug|iPhone.Build.0 = Debug|iPhone
		{C395024D-876C-4ADF-8645-B34FD90DCF30}.Release|iPhone.ActiveCfg = Release|iPhone
		{C395024D-876C-4ADF-8645-B34FD90DCF30}.Release|iPhone.Build.0 = Release|iPhone
		{AE3B5751-FF71-4276-8E8E-3E31194EFE21}.Debug|Any CPU.ActiveCfg = Debug|Any CPU
		{AE3B5751-FF71-4276-8E8E-3E31194EFE21}.Debug|Any CPU.Build.0 = Debug|Any CPU
		{AE3B5751-FF71-4276-8E8E-3E31194EFE21}.Release|Any CPU.ActiveCfg = Release|Any CPU
		{AE3B5751-FF71-4276-8E8E-3E31194EFE21}.Release|Any CPU.Build.0 = Release|Any CPU
		{AE3B5751-FF71-4276-8E8E-3E31194EFE21}.Debug|iPhoneSimulator.ActiveCfg = Debug|Any CPU
		{AE3B5751-FF71-4276-8E8E-3E31194EFE21}.Debug|iPhoneSimulator.Build.0 = Debug|Any CPU
		{AE3B5751-FF71-4276-8E8E-3E31194EFE21}.Release|iPhoneSimulator.ActiveCfg = Release|Any CPU
		{AE3B5751-FF71-4276-8E8E-3E31194EFE21}.Release|iPhoneSimulator.Build.0 = Release|Any CPU
		{AE3B5751-FF71-4276-8E8E-3E31194EFE21}.Debug|iPhone.ActiveCfg = Debug|Any CPU
		{AE3B5751-FF71-4276-8E8E-3E31194EFE21}.Debug|iPhone.Build.0 = Debug|Any CPU
		{AE3B5751-FF71-4276-8E8E-3E31194EFE21}.Release|iPhone.ActiveCfg = Release|Any CPU
		{AE3B5751-FF71-4276-8E8E-3E31194EFE21}.Release|iPhone.Build.0 = Release|Any CPU
	EndGlobalSection
EndGlobal
